github.com/maloquacious/semver v0.4.0 h1:TfCwmQ2J56BsWK9a1zoG3RcIiokYPe1J71hu3KcZhUI=
github.com/maloquacious/semver v0.4.0/go.mod h1:0VQ90ipG1SLXCDcQo1bgYTBIpvXsEiNOnEF5Bs/HRYY=
github.com/peterbourgon/ff/v4 v4.0.0-beta.1 h1:hV8qRu3V7YfiSMsBSfPfdcznAvPQd3jI5zDddSrDoUc=
github.com/peterbourgon/ff/v4 v4.0.0-beta.1/go.mod h1:onQJUKipvCyFmZ1rIYwFAh1BhPOvftb1uhvSI7krNLc=
golang.org/x/text v0.27.0 h1:4fGWRpyh641NLlecmyl4LOe6yDdfaYNrGb2zdfo4JV4=
golang.org/x/text v0.27.0/go.mod h1:1D28KMCvyooCX9hBiosv5Tz/+YLxj0j7XhWjpSUF7CU=
